
Microsoft Visual Studio Solution File, Format Version 12.00
# Visual Studio 2013
VisualStudioVersion = 12.0.21005.1
MinimumVisualStudioVersion = 10.0.40219.1
Project("{FAE04EC0-301F-11D3-BF4B-00C04F79EFBC}") = "KurvClass", "Kurv\KurvClass.csproj", "{8A844355-EFA9-4CBA-BE8B-BB9A6442B8BB}"
EndProject
Project("{FAE04EC0-301F-11D3-BF4B-00C04F79EFBC}") = "Ordre", "Ordre\Ordre.csproj", "{CCC64F90-945F-4E67-936D-02163161339F}"
	ProjectSection(ProjectDependencies) = postProject
		{8A844355-EFA9-4CBA-BE8B-BB9A6442B8BB} = {8A844355-EFA9-4CBA-BE8B-BB9A6442B8BB}
	EndProjectSection
EndProject
Project("{FAE04EC0-301F-11D3-BF4B-00C04F79EFBC}") = "UserClass", "UserClass\UserClass.csproj", "{12D00209-CDD0-4368-B07C-44B08A2FB415}"
EndProject
Global
	GlobalSection(SolutionConfigurationPlatforms) = preSolution
		Debug|Any CPU = Debug|Any CPU
		Release|Any CPU = Release|Any CPU
	EndGlobalSection
	GlobalSection(ProjectConfigurationPlatforms) = postSolution
		{8A844355-EFA9-4CBA-BE8B-BB9A6442B8BB}.Debug|Any CPU.ActiveCfg = Debug|Any CPU
		{8A844355-EFA9-4CBA-BE8B-BB9A6442B8BB}.Debug|Any CPU.Build.0 = Debug|Any CPU
		{8A844355-EFA9-4CBA-BE8B-BB9A6442B8BB}.Release|Any CPU.ActiveCfg = Release|Any CPU
		{8A844355-EFA9-4CBA-BE8B-BB9A6442B8BB}.Release|Any CPU.Build.0 = Release|Any CPU
		{CCC64F90-945F-4E67-936D-02163161339F}.Debug|Any CPU.ActiveCfg = Debug|Any CPU
		{CCC64F90-945F-4E67-936D-02163161339F}.Debug|Any CPU.Build.0 = Debug|Any CPU
		{CCC64F90-945F-4E67-936D-02163161339F}.Release|Any CPU.ActiveCfg = Release|Any CPU
		{CCC64F90-945F-4E67-936D-02163161339F}.Release|Any CPU.Build.0 = Release|Any CPU
		{12D00209-CDD0-4368-B07C-44B08A2FB415}.Debug|Any CPU.ActiveCfg = Debug|Any CPU
		{12D00209-CDD0-4368-B07C-44B08A2FB415}.Debug|Any CPU.Build.0 = Debug|Any CPU
		{12D00209-CDD0-4368-B07C-44B08A2FB415}.Release|Any CPU.ActiveCfg = Release|Any CPU
		{12D00209-CDD0-4368-B07C-44B08A2FB415}.Release|Any CPU.Build.0 = Release|Any CPU
	EndGlobalSection
	GlobalSection(SolutionProperties) = preSolution
		HideSolutionNode = FALSE
	EndGlobalSection
EndGlobal
