
Microsoft Visual Studio Solution File, Format Version 12.00
# Visual Studio 2013
VisualStudioVersion = 12.0.21005.1
MinimumVisualStudioVersion = 10.0.40219.1
Project("{E24C65DC-7377-472B-9ABA-BC803B73C61A}") = "KurvClass(1)", "http://localhost:4750", "{0B7BC467-311A-4313-A1D5-2157F081FBA7}"
	ProjectSection(WebsiteProperties) = preProject
		UseIISExpress = "true"
		TargetFrameworkMoniker = ".NETFramework,Version%3Dv4.5"
		Debug.AspNetCompiler.VirtualPath = "/localhost_4750"
		Debug.AspNetCompiler.PhysicalPath = "KurvClass\"
		Debug.AspNetCompiler.TargetPath = "PrecompiledWeb\localhost_4750\"
		Debug.AspNetCompiler.Updateable = "true"
		Debug.AspNetCompiler.ForceOverwrite = "true"
		Debug.AspNetCompiler.FixedNames = "false"
		Debug.AspNetCompiler.Debug = "True"
		Release.AspNetCompiler.VirtualPath = "/localhost_4750"
		Release.AspNetCompiler.PhysicalPath = "KurvClass\"
		Release.AspNetCompiler.TargetPath = "PrecompiledWeb\localhost_4750\"
		Release.AspNetCompiler.Updateable = "true"
		Release.AspNetCompiler.ForceOverwrite = "true"
		Release.AspNetCompiler.FixedNames = "false"
		Release.AspNetCompiler.Debug = "False"
		SlnRelativePath = "KurvClass\"
	EndProjectSection
EndProject
Project("{E24C65DC-7377-472B-9ABA-BC803B73C61A}") = "oop(1)", "http://localhost:4753", "{0C79B775-78CE-4589-B3D0-29AB9C0A6492}"
	ProjectSection(WebsiteProperties) = preProject
		UseIISExpress = "true"
		TargetFrameworkMoniker = ".NETFramework,Version%3Dv4.5"
		Debug.AspNetCompiler.VirtualPath = "/localhost_4753"
		Debug.AspNetCompiler.PhysicalPath = "oop\"
		Debug.AspNetCompiler.TargetPath = "PrecompiledWeb\localhost_4753\"
		Debug.AspNetCompiler.Updateable = "true"
		Debug.AspNetCompiler.ForceOverwrite = "true"
		Debug.AspNetCompiler.FixedNames = "false"
		Debug.AspNetCompiler.Debug = "True"
		Release.AspNetCompiler.VirtualPath = "/localhost_4753"
		Release.AspNetCompiler.PhysicalPath = "oop\"
		Release.AspNetCompiler.TargetPath = "PrecompiledWeb\localhost_4753\"
		Release.AspNetCompiler.Updateable = "true"
		Release.AspNetCompiler.ForceOverwrite = "true"
		Release.AspNetCompiler.FixedNames = "false"
		Release.AspNetCompiler.Debug = "False"
		SlnRelativePath = "oop\"
	EndProjectSection
EndProject
Global
	GlobalSection(SolutionConfigurationPlatforms) = preSolution
		Debug|Any CPU = Debug|Any CPU
	EndGlobalSection
	GlobalSection(ProjectConfigurationPlatforms) = postSolution
		{0B7BC467-311A-4313-A1D5-2157F081FBA7}.Debug|Any CPU.ActiveCfg = Debug|Any CPU
		{0B7BC467-311A-4313-A1D5-2157F081FBA7}.Debug|Any CPU.Build.0 = Debug|Any CPU
		{0C79B775-78CE-4589-B3D0-29AB9C0A6492}.Debug|Any CPU.ActiveCfg = Debug|Any CPU
		{0C79B775-78CE-4589-B3D0-29AB9C0A6492}.Debug|Any CPU.Build.0 = Debug|Any CPU
	EndGlobalSection
	GlobalSection(SolutionProperties) = preSolution
		HideSolutionNode = FALSE
	EndGlobalSection
EndGlobal
